
Microsoft Visual Studio Solution File, Format Version 12.00
Project("{FAE04EC0-301F-11D3-BF4B-00C04F79EFBC}") = "Consents.Web", "Consents.Web\Consents.Web.csproj", "{08D42751-A3DE-4C7D-8A18-51766D656643}"
EndProject
Project("{FAE04EC0-301F-11D3-BF4B-00C04F79EFBC}") = "Consents.Data", "Consents.Data\Consents.Data.csproj", "{76BA930F-098C-4B93-8559-7E1B9C74E32D}"
EndProject
Project("{2150E333-8FDC-42A3-9474-1A3956D46DE8}") = "DataConnectors", "DataConnectors", "{CEB10CCA-7867-4C6F-9C7E-B3A78AEB0828}"
EndProject
Project("{FAE04EC0-301F-11D3-BF4B-00C04F79EFBC}") = "Consents.Postgres", "Consents.Postgres\Consents.Postgres.csproj", "{AD3F7D38-7955-49F9-B2D8-C30260A89B5C}"
EndProject
Global
	GlobalSection(SolutionConfigurationPlatforms) = preSolution
		Debug|Any CPU = Debug|Any CPU
		Release|Any CPU = Release|Any CPU
	EndGlobalSection
	GlobalSection(ProjectConfigurationPlatforms) = postSolution
		{08D42751-A3DE-4C7D-8A18-51766D656643}.Debug|Any CPU.ActiveCfg = Debug|Any CPU
		{08D42751-A3DE-4C7D-8A18-51766D656643}.Debug|Any CPU.Build.0 = Debug|Any CPU
		{08D42751-A3DE-4C7D-8A18-51766D656643}.Release|Any CPU.ActiveCfg = Release|Any CPU
		{08D42751-A3DE-4C7D-8A18-51766D656643}.Release|Any CPU.Build.0 = Release|Any CPU
		{76BA930F-098C-4B93-8559-7E1B9C74E32D}.Debug|Any CPU.ActiveCfg = Debug|Any CPU
		{76BA930F-098C-4B93-8559-7E1B9C74E32D}.Debug|Any CPU.Build.0 = Debug|Any CPU
		{76BA930F-098C-4B93-8559-7E1B9C74E32D}.Release|Any CPU.ActiveCfg = Release|Any CPU
		{76BA930F-098C-4B93-8559-7E1B9C74E32D}.Release|Any CPU.Build.0 = Release|Any CPU
		{AD3F7D38-7955-49F9-B2D8-C30260A89B5C}.Debug|Any CPU.ActiveCfg = Debug|Any CPU
		{AD3F7D38-7955-49F9-B2D8-C30260A89B5C}.Debug|Any CPU.Build.0 = Debug|Any CPU
		{AD3F7D38-7955-49F9-B2D8-C30260A89B5C}.Release|Any CPU.ActiveCfg = Release|Any CPU
		{AD3F7D38-7955-49F9-B2D8-C30260A89B5C}.Release|Any CPU.Build.0 = Release|Any CPU
	EndGlobalSection
	GlobalSection(NestedProjects) = preSolution
		{AD3F7D38-7955-49F9-B2D8-C30260A89B5C} = {CEB10CCA-7867-4C6F-9C7E-B3A78AEB0828}
	EndGlobalSection
EndGlobal
